<?xml version="1.0" encoding="utf-8"?>
<Project ToolsVersion="4.0" xmlns="http://schemas.microsoft.com/developer/msbuild/2003">
  <ItemGroup>
    <Filter Include="Source Files">
      <UniqueIdentifier>{4FC737F1-C7A5-4376-A066-2A32D752A2FF}</UniqueIdentifier>
      <Extensions>cpp;c;cc;cxx;c++;cppm;ixx;def;odl;idl;hpj;bat;asm;asmx</Extensions>
    </Filter>
    <Filter Include="Header Files">
      <UniqueIdentifier>{93995380-89BD-4b04-88EB-625FBE52EBFB}</UniqueIdentifier>
      <Extensions>h;hh;hpp;hxx;h++;hm;inl;inc;ipp;xsd</Extensions>
    </Filter>
    <Filter Include="Resource Files">
      <UniqueIdentifier>{67DA6AB6-F800-4c08-8B7A-83BB121AAD01}</UniqueIdentifier>
      <Extensions>rc;ico;cur;bmp;dlg;rc2;rct;bin;rgs;gif;jpg;jpeg;jpe;resx;tiff;tif;png;wav;mfcribbon-ms</Extensions>
    </Filter>
    <Filter Include="Resource Files\Images">
      <UniqueIdentifier>{27f70f59-80cb-4284-8468-5b5e05cd32ed}</UniqueIdentifier>
    </Filter>
    <Filter Include="src">
      <UniqueIdentifier>{21fe10e3-6881-4634-ac38-e24a6836bf62}</UniqueIdentifier>
    </Filter>
    <Filter Include="src\Core">
      <UniqueIdentifier>{c2a0c4aa-a24b-42d5-9b90-d54518caeadf}</UniqueIdentifier>
    </Filter>
    <Filter Include="src\Graphics">
      <UniqueIdentifier>{f5c98b6e-fd24-43fd-adaa-79cbb5551050}</UniqueIdentifier>
    </Filter>
    <Filter Include="src\Characters">
      <UniqueIdentifier>{edaa2380-eeed-47af-8567-55feccf8e29a}</UniqueIdentifier>
    </Filter>
    <Filter Include="src\Physics">
      <UniqueIdentifier>{dfa0e356-8e3e-4aad-9f12-d87fc2476635}</UniqueIdentifier>
    </Filter>
    <Filter Include="src\Object">
      <UniqueIdentifier>{c807c49f-8532-4160-8441-8c654c3d371a}</UniqueIdentifier>
    </Filter>
    <Filter Include="src\Animation">
      <UniqueIdentifier>{81b37a08-281d-4ecc-8072-65172b436016}</UniqueIdentifier>
    </Filter>
    <Filter Include="src\Inputs">
      <UniqueIdentifier>{7cc16da6-44e3-4950-8e57-b63e44f7f0de}</UniqueIdentifier>
    </Filter>
    <Filter Include="src\Timer">
      <UniqueIdentifier>{cd3968e8-02de-477e-a92f-c03b12e09644}</UniqueIdentifier>
    </Filter>
    <Filter Include="src\Map">
      <UniqueIdentifier>{c33e96bd-57dc-4720-a933-da90e7736980}</UniqueIdentifier>
    </Filter>
    <Filter Include="src\Camera">
      <UniqueIdentifier>{f0f83ba4-25f2-40e7-8395-fd5481227971}</UniqueIdentifier>
    </Filter>
    <Filter Include="src\Collision">
      <UniqueIdentifier>{f359d3c7-83da-4f71-be26-70d08a06cb2e}</UniqueIdentifier>
    </Filter>
  </ItemGroup>
  <ItemGroup>
    <ClCompile Include="main.cpp">
      <Filter>src</Filter>
    </ClCompile>
    <ClCompile Include="Engine.cpp">
      <Filter>src\Core</Filter>
    </ClCompile>
    <ClCompile Include="TextureManager.cpp">
      <Filter>src\Graphics</Filter>
    </ClCompile>
    <ClCompile Include="Acorn.cpp">
      <Filter>src\Characters</Filter>
    </ClCompile>
    <ClCompile Include="Animation.cpp">
      <Filter>src\Animation</Filter>
    </ClCompile>
    <ClCompile Include="Input.cpp">
      <Filter>src\Inputs</Filter>
    </ClCompile>
    <ClCompile Include="Timer.cpp">
      <Filter>src\Timer</Filter>
    </ClCompile>
    <ClCompile Include="TileLayer.cpp">
      <Filter>src\Map</Filter>
    </ClCompile>
    <ClCompile Include="Vendor\tinyxml-master\tinystr.cpp">
      <Filter>Source Files</Filter>
    </ClCompile>
    <ClCompile Include="Vendor\tinyxml-master\tinyxml.cpp">
      <Filter>Source Files</Filter>
    </ClCompile>
    <ClCompile Include="Vendor\tinyxml-master\tinyxmlerror.cpp">
      <Filter>Source Files</Filter>
    </ClCompile>
    <ClCompile Include="Vendor\tinyxml-master\tinyxmlparser.cpp">
      <Filter>Source Files</Filter>
    </ClCompile>
    <ClCompile Include="MapParser.cpp">
      <Filter>src\Map</Filter>
    </ClCompile>
    <ClCompile Include="Camera.cpp">
      <Filter>src\Camera</Filter>
    </ClCompile>
    <ClCompile Include="CollisionHandler.cpp">
      <Filter>src\Collision</Filter>
    </ClCompile>
  </ItemGroup>
  <ItemGroup>
    <ClInclude Include="Character.hpp">
      <Filter>src\Characters</Filter>
    </ClInclude>
    <ClInclude Include="Engine.hpp">
      <Filter>src\Core</Filter>
    </ClInclude>
    <ClInclude Include="TextureManager.hpp">
      <Filter>src\Graphics</Filter>
    </ClInclude>
    <ClInclude Include="GameObject.hpp">
      <Filter>src\Object</Filter>
    </ClInclude>
    <ClInclude Include="IObject.hpp">
      <Filter>src\Object</Filter>
    </ClInclude>
    <ClInclude Include="Transform.hpp">
      <Filter>src\Physics</Filter>
    </ClInclude>
    <ClInclude Include="Vector2D.hpp">
      <Filter>src\Physics</Filter>
    </ClInclude>
    <ClInclude Include="Acorn.hpp">
      <Filter>src\Characters</Filter>
    </ClInclude>
    <ClInclude Include="Animation.hpp">
      <Filter>src\Animation</Filter>
    </ClInclude>
    <ClInclude Include="RigidBody.hpp">
      <Filter>src\Physics</Filter>
    </ClInclude>
    <ClInclude Include="Input.hpp">
      <Filter>src\Inputs</Filter>
    </ClInclude>
    <ClInclude Include="Timer.hpp">
      <Filter>src\Timer</Filter>
    </ClInclude>
    <ClInclude Include="Layer.hpp">
      <Filter>src\Map</Filter>
    </ClInclude>
    <ClInclude Include="GameMap.hpp">
      <Filter>src\Map</Filter>
    </ClInclude>
    <ClInclude Include="TileLayer.hpp">
      <Filter>src\Map</Filter>
    </ClInclude>
    <ClInclude Include="Vendor\tinyxml-master\tinystr.h">
      <Filter>Header Files</Filter>
    </ClInclude>
    <ClInclude Include="Vendor\tinyxml-master\tinyxml.h">
      <Filter>Header Files</Filter>
    </ClInclude>
    <ClInclude Include="MapParser.hpp">
      <Filter>src\Map</Filter>
    </ClInclude>
    <ClInclude Include="Camera.hpp">
      <Filter>src\Camera</Filter>
    </ClInclude>
    <ClInclude Include="Point.hpp">
      <Filter>src\Physics</Filter>
    </ClInclude>
    <ClInclude Include="CollisionHandler.hpp">
      <Filter>src\Collision</Filter>
    </ClInclude>
    <ClInclude Include="Collider.hpp">
      <Filter>src\Physics</Filter>
    </ClInclude>
  </ItemGroup>
  <ItemGroup>
    <Image Include="..\Images\copac.bmp">
      <Filter>Resource Files\Images</Filter>
    </Image>
    <Image Include="..\Images\ghinda.bmp">
      <Filter>Resource Files\Images</Filter>
    </Image>
  </ItemGroup>
</Project>